
Microsoft Visual Studio Solution File, Format Version 12.00
# Visual Studio Version 17
VisualStudioVersion = 17.10.35013.160
MinimumVisualStudioVersion = 10.0.40219.1
Project("{FAE04EC0-301F-11D3-BF4B-00C04F79EFBC}") = "Tura1Zadaci2", "Tura1Zadaci2.csproj", "{71C88A07-B3F2-4C81-9089-7D0000565568}"
EndProject
Global
	GlobalSection(SolutionConfigurationPlatforms) = preSolution
		Debug|Any CPU = Debug|Any CPU
		Release|Any CPU = Release|Any CPU
	EndGlobalSection
	GlobalSection(ProjectConfigurationPlatforms) = postSolution
		{71C88A07-B3F2-4C81-9089-7D0000565568}.Debug|Any CPU.ActiveCfg = Debug|Any CPU
		{71C88A07-B3F2-4C81-9089-7D0000565568}.Debug|Any CPU.Build.0 = Debug|Any CPU
		{71C88A07-B3F2-4C81-9089-7D0000565568}.Release|Any CPU.ActiveCfg = Release|Any CPU
		{71C88A07-B3F2-4C81-9089-7D0000565568}.Release|Any CPU.Build.0 = Release|Any CPU
	EndGlobalSection
	GlobalSection(SolutionProperties) = preSolution
		HideSolutionNode = FALSE
	EndGlobalSection
	GlobalSection(ExtensibilityGlobals) = postSolution
		SolutionGuid = {2B45E499-7F20-45B8-8FCB-97E2A4EEDA98}
	EndGlobalSection
EndGlobal
